dependencies:
- name: external-dns
  repository: oci://registry-1.docker.io/bitnamicharts
  version: 8.3.8
- name: cert-manager
  repository: https://charts.jetstack.io
  version: v1.13.6
- name: plural-certmanager-webhook
  repository: ""
  version: 0.1.7
- name: ingress-nginx
  repository: https://kubernetes.github.io/ingress-nginx
  version: 4.11.2
- name: ingress-nginx
  repository: https://kubernetes.github.io/ingress-nginx
  version: 4.11.2
- name: flux2
  repository: https://fluxcd-community.github.io/helm-charts
  version: 2.12.4
digest: sha256:94eba8df7419d9e5cdfe253c29b749dcf67c51207ea25a426e5dc3079fcd54e3
generated: "2024-09-19T00:32:39.59629-04:00"
