dependencies:
- name: external-dns
  repository: https://charts.bitnami.com/bitnami
  version: 6.38.0
- name: cert-manager
  repository: https://charts.jetstack.io
  version: v1.13.6
- name: plural-certmanager-webhook
  repository: ""
  version: 0.1.7
- name: ingress-nginx
  repository: https://kubernetes.github.io/ingress-nginx
  version: 4.9.1
- name: ingress-nginx
  repository: https://kubernetes.github.io/ingress-nginx
  version: 4.9.1
- name: flux2
  repository: https://fluxcd-community.github.io/helm-charts
  version: 2.12.4
digest: sha256:18b6fc902065ac6a51c260f5fa93e297c68ac6566b8788ab8af3ce820e2b1d61
generated: "2024-06-10T19:53:49.56067096Z"
