dependencies:
- name: external-dns
  repository: https://charts.bitnami.com/bitnami
  version: 6.29.0
- name: cert-manager
  repository: https://charts.jetstack.io
  version: v1.13.3
- name: plural-certmanager-webhook
  repository: ""
  version: 0.1.7
- name: ingress-nginx
  repository: https://kubernetes.github.io/ingress-nginx
  version: 4.9.0
- name: ingress-nginx
  repository: https://kubernetes.github.io/ingress-nginx
  version: 4.9.0
- name: flux2
  repository: https://fluxcd-community.github.io/helm-charts
  version: 2.12.2
digest: sha256:b0f6991e5b143a7c7e6f7cf6e219745a304d599d81e5b38d05cd23fa2b97eafa
generated: "2024-01-08T14:09:58.241132919Z"
